
Microsoft Visual Studio Solution File, Format Version 12.00
# Visual Studio Version 16
VisualStudioVersion = 16.0.31613.86
MinimumVisualStudioVersion = 10.0.40219.1
Project("{FAE04EC0-301F-11D3-BF4B-00C04F79EFBC}") = "mid1", "mid1\mid1.csproj", "{F9A4820E-6D6D-4D70-A873-E3FAEC22E314}"
EndProject
Global
	GlobalSection(SolutionConfigurationPlatforms) = preSolution
		Debug|Any CPU = Debug|Any CPU
		Release|Any CPU = Release|Any CPU
	EndGlobalSection
	GlobalSection(ProjectConfigurationPlatforms) = postSolution
		{F9A4820E-6D6D-4D70-A873-E3FAEC22E314}.Debug|Any CPU.ActiveCfg = Debug|Any CPU
		{F9A4820E-6D6D-4D70-A873-E3FAEC22E314}.Debug|Any CPU.Build.0 = Debug|Any CPU
		{F9A4820E-6D6D-4D70-A873-E3FAEC22E314}.Release|Any CPU.ActiveCfg = Release|Any CPU
		{F9A4820E-6D6D-4D70-A873-E3FAEC22E314}.Release|Any CPU.Build.0 = Release|Any CPU
	EndGlobalSection
	GlobalSection(SolutionProperties) = preSolution
		HideSolutionNode = FALSE
	EndGlobalSection
	GlobalSection(ExtensibilityGlobals) = postSolution
		SolutionGuid = {6EEC1E4D-EAA8-4FB3-BDC6-904531C27442}
	EndGlobalSection
EndGlobal
