
Microsoft Visual Studio Solution File, Format Version 12.00
# Visual Studio Version 16
VisualStudioVersion = 16.0.31613.86
MinimumVisualStudioVersion = 10.0.40219.1
Project("{FAE04EC0-301F-11D3-BF4B-00C04F79EFBC}") = "mid2", "mid2\mid2.csproj", "{5C0F47C7-97B9-47D4-95E9-6B4B3CEC3DCC}"
EndProject
Global
	GlobalSection(SolutionConfigurationPlatforms) = preSolution
		Debug|Any CPU = Debug|Any CPU
		Release|Any CPU = Release|Any CPU
	EndGlobalSection
	GlobalSection(ProjectConfigurationPlatforms) = postSolution
		{5C0F47C7-97B9-47D4-95E9-6B4B3CEC3DCC}.Debug|Any CPU.ActiveCfg = Debug|Any CPU
		{5C0F47C7-97B9-47D4-95E9-6B4B3CEC3DCC}.Debug|Any CPU.Build.0 = Debug|Any CPU
		{5C0F47C7-97B9-47D4-95E9-6B4B3CEC3DCC}.Release|Any CPU.ActiveCfg = Release|Any CPU
		{5C0F47C7-97B9-47D4-95E9-6B4B3CEC3DCC}.Release|Any CPU.Build.0 = Release|Any CPU
	EndGlobalSection
	GlobalSection(SolutionProperties) = preSolution
		HideSolutionNode = FALSE
	EndGlobalSection
	GlobalSection(ExtensibilityGlobals) = postSolution
		SolutionGuid = {3468B79F-1F2B-43EC-A265-6190F2AF0D22}
	EndGlobalSection
EndGlobal
